
Microsoft Visual Studio Solution File, Format Version 12.00
# Blend for Visual Studio Version 16
VisualStudioVersion = 16.0.31729.503
MinimumVisualStudioVersion = 10.0.40219.1
Project("{FAE04EC0-301F-11D3-BF4B-00C04F79EFBC}") = "1_Task", "1_Task\1_Task.csproj", "{2A99878D-69DF-4781-8278-D08C2EF389FA}"
EndProject
Project("{FAE04EC0-301F-11D3-BF4B-00C04F79EFBC}") = "2_Task", "2_Task\2_Task.csproj", "{E6FD3AE4-074E-426C-8760-A98D2D84930D}"
EndProject
Global
	GlobalSection(SolutionConfigurationPlatforms) = preSolution
		Debug|Any CPU = Debug|Any CPU
		Release|Any CPU = Release|Any CPU
	EndGlobalSection
	GlobalSection(ProjectConfigurationPlatforms) = postSolution
		{2A99878D-69DF-4781-8278-D08C2EF389FA}.Debug|Any CPU.ActiveCfg = Debug|Any CPU
		{2A99878D-69DF-4781-8278-D08C2EF389FA}.Debug|Any CPU.Build.0 = Debug|Any CPU
		{2A99878D-69DF-4781-8278-D08C2EF389FA}.Release|Any CPU.ActiveCfg = Release|Any CPU
		{2A99878D-69DF-4781-8278-D08C2EF389FA}.Release|Any CPU.Build.0 = Release|Any CPU
		{E6FD3AE4-074E-426C-8760-A98D2D84930D}.Debug|Any CPU.ActiveCfg = Debug|Any CPU
		{E6FD3AE4-074E-426C-8760-A98D2D84930D}.Debug|Any CPU.Build.0 = Debug|Any CPU
		{E6FD3AE4-074E-426C-8760-A98D2D84930D}.Release|Any CPU.ActiveCfg = Release|Any CPU
		{E6FD3AE4-074E-426C-8760-A98D2D84930D}.Release|Any CPU.Build.0 = Release|Any CPU
	EndGlobalSection
	GlobalSection(SolutionProperties) = preSolution
		HideSolutionNode = FALSE
	EndGlobalSection
	GlobalSection(ExtensibilityGlobals) = postSolution
		SolutionGuid = {4306B965-EB94-4236-A378-51545F437AC6}
	EndGlobalSection
EndGlobal
